
Microsoft Visual Studio Solution File, Format Version 12.00
# Visual Studio Version 17
VisualStudioVersion = 17.0.31903.59
MinimumVisualStudioVersion = 10.0.40219.1
Project("{2150E333-8FDC-42A3-9474-1A3956D46DE8}") = "src", "src", "{827E0CD3-B72D-47B6-A68D-7590B98EB39B}"
EndProject
Project("{FAE04EC0-301F-11D3-BF4B-00C04F79EFBC}") = "Zyknow.Abp.Lucene.Domain.Shared", "src\Zyknow.Abp.Lucene.Domain.Shared\Zyknow.Abp.Lucene.Domain.Shared.csproj", "{42FBBF43-27DF-4E95-8B5D-85B66AC8B600}"
EndProject
Project("{FAE04EC0-301F-11D3-BF4B-00C04F79EFBC}") = "Zyknow.Abp.Lucene.Domain", "src\Zyknow.Abp.Lucene.Domain\Zyknow.Abp.Lucene.Domain.csproj", "{A97FB7F5-2AA8-471C-9333-85EA8B8E672D}"
EndProject
Project("{FAE04EC0-301F-11D3-BF4B-00C04F79EFBC}") = "Zyknow.Abp.Lucene.Application.Contracts", "src\Zyknow.Abp.Lucene.Application.Contracts\Zyknow.Abp.Lucene.Application.Contracts.csproj", "{6C372A8F-470A-460D-87AC-26566C1F4749}"
EndProject
Project("{FAE04EC0-301F-11D3-BF4B-00C04F79EFBC}") = "Zyknow.Abp.Lucene.Application", "src\Zyknow.Abp.Lucene.Application\Zyknow.Abp.Lucene.Application.csproj", "{F23AC70C-40AE-4E1D-8D58-91BBC62B8DAD}"
EndProject
Project("{FAE04EC0-301F-11D3-BF4B-00C04F79EFBC}") = "Zyknow.Abp.Lucene.HttpApi", "src\Zyknow.Abp.Lucene.HttpApi\Zyknow.Abp.Lucene.HttpApi.csproj", "{06475927-BAA7-4DDA-9791-91DB2419EA98}"
EndProject
Project("{2150E333-8FDC-42A3-9474-1A3956D46DE8}") = ".sln", ".sln", "{5AC9B668-BCD7-435E-90E9-D4E9BCD4358F}"
	ProjectSection(SolutionItems) = preProject
		common.props = common.props
		README.md = README.md
		README.zh.md = README.zh.md
		nuget.props = nuget.props
		.github\workflows\publish.yml = .github\workflows\publish.yml
		.github\copilot-instructions.md = .github\copilot-instructions.md
		.github\commit-convention.md = .github\commit-convention.md
	EndProjectSection
EndProject
Project("{2150E333-8FDC-42A3-9474-1A3956D46DE8}") = "tests", "tests", "{B4143E6B-57AB-45DF-848B-B3C507A6C97E}"
EndProject
Project("{FAE04EC0-301F-11D3-BF4B-00C04F79EFBC}") = "Zyknow.Abp.Lucene.Application.Tests", "test\Zyknow.Abp.Lucene.Application.Tests\Zyknow.Abp.Lucene.Application.Tests.csproj", "{C87DA6A6-C95B-4BBA-95A0-A15BD26CBCB8}"
EndProject
Project("{FAE04EC0-301F-11D3-BF4B-00C04F79EFBC}") = "Zyknow.Abp.Lucene.Domain.Tests", "test\Zyknow.Abp.Lucene.Domain.Tests\Zyknow.Abp.Lucene.Domain.Tests.csproj", "{7CDD5A6E-0973-4804-89C5-00C2A0975034}"
EndProject
Project("{FAE04EC0-301F-11D3-BF4B-00C04F79EFBC}") = "Zyknow.Abp.Lucene.HttpApi.Tests", "test\Zyknow.Abp.Lucene.HttpApi.Tests\Zyknow.Abp.Lucene.HttpApi.Tests.csproj", "{95B15E66-CC0C-4850-8151-EFF226BA4127}"
EndProject
Project("{FAE04EC0-301F-11D3-BF4B-00C04F79EFBC}") = "Zyknow.Abp.Lucene.TestBase", "test\Zyknow.Abp.Lucene.TestBase\Zyknow.Abp.Lucene.TestBase.csproj", "{C24C3A9C-4B28-4AC7-AC34-0C59E8BD511C}"
EndProject
Project("{2150E333-8FDC-42A3-9474-1A3956D46DE8}") = "simple", "simple", "{97E6CEDC-8289-4B1D-93FC-7A3EEC71285C}"
EndProject
Project("{FAE04EC0-301F-11D3-BF4B-00C04F79EFBC}") = "Simple.Application", "simple\src\Simple.Application\Simple.Application.csproj", "{00F98BFA-32DA-4430-B1F1-C788C9BC9A3A}"
EndProject
Project("{FAE04EC0-301F-11D3-BF4B-00C04F79EFBC}") = "Simple.Application.Contracts", "simple\src\Simple.Application.Contracts\Simple.Application.Contracts.csproj", "{116028F7-9863-4D98-9F8C-BDACE9892167}"
EndProject
Project("{FAE04EC0-301F-11D3-BF4B-00C04F79EFBC}") = "Simple.DbMigrator", "simple\src\Simple.DbMigrator\Simple.DbMigrator.csproj", "{D568564B-4F5C-4514-8137-419CE7C4A939}"
EndProject
Project("{FAE04EC0-301F-11D3-BF4B-00C04F79EFBC}") = "Simple.Domain", "simple\src\Simple.Domain\Simple.Domain.csproj", "{11864851-51A5-428E-990B-BC22FCDC44C8}"
EndProject
Project("{FAE04EC0-301F-11D3-BF4B-00C04F79EFBC}") = "Simple.Domain.Shared", "simple\src\Simple.Domain.Shared\Simple.Domain.Shared.csproj", "{B406C28C-BC48-460F-B370-C57E7222A571}"
EndProject
Project("{FAE04EC0-301F-11D3-BF4B-00C04F79EFBC}") = "Simple.EntityFrameworkCore", "simple\src\Simple.EntityFrameworkCore\Simple.EntityFrameworkCore.csproj", "{2DDE5EF3-72D8-45BC-B347-9CA966B50661}"
EndProject
Project("{FAE04EC0-301F-11D3-BF4B-00C04F79EFBC}") = "Simple.HttpApi", "simple\src\Simple.HttpApi\Simple.HttpApi.csproj", "{2F76BB85-D709-4124-AB12-06D7D3A06844}"
EndProject
Project("{FAE04EC0-301F-11D3-BF4B-00C04F79EFBC}") = "Simple.HttpApi.Client", "simple\src\Simple.HttpApi.Client\Simple.HttpApi.Client.csproj", "{BFAB2A52-DE72-4A20-8452-BA7E13C6D08C}"
EndProject
Project("{FAE04EC0-301F-11D3-BF4B-00C04F79EFBC}") = "Simple.Web", "simple\src\Simple.Web\Simple.Web.csproj", "{B66FAD5A-7D6A-4DB2-88BA-07AEC3FC41D5}"
EndProject
Global
	GlobalSection(SolutionConfigurationPlatforms) = preSolution
		Debug|Any CPU = Debug|Any CPU
		Debug|x64 = Debug|x64
		Debug|x86 = Debug|x86
		Release|Any CPU = Release|Any CPU
		Release|x64 = Release|x64
		Release|x86 = Release|x86
	EndGlobalSection
	GlobalSection(ProjectConfigurationPlatforms) = postSolution
		{42FBBF43-27DF-4E95-8B5D-85B66AC8B600}.Debug|Any CPU.ActiveCfg = Debug|Any CPU
		{42FBBF43-27DF-4E95-8B5D-85B66AC8B600}.Debug|Any CPU.Build.0 = Debug|Any CPU
		{42FBBF43-27DF-4E95-8B5D-85B66AC8B600}.Debug|x64.ActiveCfg = Debug|Any CPU
		{42FBBF43-27DF-4E95-8B5D-85B66AC8B600}.Debug|x64.Build.0 = Debug|Any CPU
		{42FBBF43-27DF-4E95-8B5D-85B66AC8B600}.Debug|x86.ActiveCfg = Debug|Any CPU
		{42FBBF43-27DF-4E95-8B5D-85B66AC8B600}.Debug|x86.Build.0 = Debug|Any CPU
		{42FBBF43-27DF-4E95-8B5D-85B66AC8B600}.Release|Any CPU.ActiveCfg = Release|Any CPU
		{42FBBF43-27DF-4E95-8B5D-85B66AC8B600}.Release|Any CPU.Build.0 = Release|Any CPU
		{42FBBF43-27DF-4E95-8B5D-85B66AC8B600}.Release|x64.ActiveCfg = Release|Any CPU
		{42FBBF43-27DF-4E95-8B5D-85B66AC8B600}.Release|x64.Build.0 = Release|Any CPU
		{42FBBF43-27DF-4E95-8B5D-85B66AC8B600}.Release|x86.ActiveCfg = Release|Any CPU
		{42FBBF43-27DF-4E95-8B5D-85B66AC8B600}.Release|x86.Build.0 = Release|Any CPU
		{A97FB7F5-2AA8-471C-9333-85EA8B8E672D}.Debug|Any CPU.ActiveCfg = Debug|Any CPU
		{A97FB7F5-2AA8-471C-9333-85EA8B8E672D}.Debug|Any CPU.Build.0 = Debug|Any CPU
		{A97FB7F5-2AA8-471C-9333-85EA8B8E672D}.Debug|x64.ActiveCfg = Debug|Any CPU
		{A97FB7F5-2AA8-471C-9333-85EA8B8E672D}.Debug|x64.Build.0 = Debug|Any CPU
		{A97FB7F5-2AA8-471C-9333-85EA8B8E672D}.Debug|x86.ActiveCfg = Debug|Any CPU
		{A97FB7F5-2AA8-471C-9333-85EA8B8E672D}.Debug|x86.Build.0 = Debug|Any CPU
		{A97FB7F5-2AA8-471C-9333-85EA8B8E672D}.Release|Any CPU.ActiveCfg = Release|Any CPU
		{A97FB7F5-2AA8-471C-9333-85EA8B8E672D}.Release|Any CPU.Build.0 = Release|Any CPU
		{A97FB7F5-2AA8-471C-9333-85EA8B8E672D}.Release|x64.ActiveCfg = Release|Any CPU
		{A97FB7F5-2AA8-471C-9333-85EA8B8E672D}.Release|x64.Build.0 = Release|Any CPU
		{A97FB7F5-2AA8-471C-9333-85EA8B8E672D}.Release|x86.ActiveCfg = Release|Any CPU
		{A97FB7F5-2AA8-471C-9333-85EA8B8E672D}.Release|x86.Build.0 = Release|Any CPU
		{6C372A8F-470A-460D-87AC-26566C1F4749}.Debug|Any CPU.ActiveCfg = Debug|Any CPU
		{6C372A8F-470A-460D-87AC-26566C1F4749}.Debug|Any CPU.Build.0 = Debug|Any CPU
		{6C372A8F-470A-460D-87AC-26566C1F4749}.Debug|x64.ActiveCfg = Debug|Any CPU
		{6C372A8F-470A-460D-87AC-26566C1F4749}.Debug|x64.Build.0 = Debug|Any CPU
		{6C372A8F-470A-460D-87AC-26566C1F4749}.Debug|x86.ActiveCfg = Debug|Any CPU
		{6C372A8F-470A-460D-87AC-26566C1F4749}.Debug|x86.Build.0 = Debug|Any CPU
		{6C372A8F-470A-460D-87AC-26566C1F4749}.Release|Any CPU.ActiveCfg = Release|Any CPU
		{6C372A8F-470A-460D-87AC-26566C1F4749}.Release|Any CPU.Build.0 = Release|Any CPU
		{6C372A8F-470A-460D-87AC-26566C1F4749}.Release|x64.ActiveCfg = Release|Any CPU
		{6C372A8F-470A-460D-87AC-26566C1F4749}.Release|x64.Build.0 = Release|Any CPU
		{6C372A8F-470A-460D-87AC-26566C1F4749}.Release|x86.ActiveCfg = Release|Any CPU
		{6C372A8F-470A-460D-87AC-26566C1F4749}.Release|x86.Build.0 = Release|Any CPU
		{F23AC70C-40AE-4E1D-8D58-91BBC62B8DAD}.Debug|Any CPU.ActiveCfg = Debug|Any CPU
		{F23AC70C-40AE-4E1D-8D58-91BBC62B8DAD}.Debug|Any CPU.Build.0 = Debug|Any CPU
		{F23AC70C-40AE-4E1D-8D58-91BBC62B8DAD}.Debug|x64.ActiveCfg = Debug|Any CPU
		{F23AC70C-40AE-4E1D-8D58-91BBC62B8DAD}.Debug|x64.Build.0 = Debug|Any CPU
		{F23AC70C-40AE-4E1D-8D58-91BBC62B8DAD}.Debug|x86.ActiveCfg = Debug|Any CPU
		{F23AC70C-40AE-4E1D-8D58-91BBC62B8DAD}.Debug|x86.Build.0 = Debug|Any CPU
		{F23AC70C-40AE-4E1D-8D58-91BBC62B8DAD}.Release|Any CPU.ActiveCfg = Release|Any CPU
		{F23AC70C-40AE-4E1D-8D58-91BBC62B8DAD}.Release|Any CPU.Build.0 = Release|Any CPU
		{F23AC70C-40AE-4E1D-8D58-91BBC62B8DAD}.Release|x64.ActiveCfg = Release|Any CPU
		{F23AC70C-40AE-4E1D-8D58-91BBC62B8DAD}.Release|x64.Build.0 = Release|Any CPU
		{F23AC70C-40AE-4E1D-8D58-91BBC62B8DAD}.Release|x86.ActiveCfg = Release|Any CPU
		{F23AC70C-40AE-4E1D-8D58-91BBC62B8DAD}.Release|x86.Build.0 = Release|Any CPU
		{06475927-BAA7-4DDA-9791-91DB2419EA98}.Debug|Any CPU.ActiveCfg = Debug|Any CPU
		{06475927-BAA7-4DDA-9791-91DB2419EA98}.Debug|Any CPU.Build.0 = Debug|Any CPU
		{06475927-BAA7-4DDA-9791-91DB2419EA98}.Debug|x64.ActiveCfg = Debug|Any CPU
		{06475927-BAA7-4DDA-9791-91DB2419EA98}.Debug|x64.Build.0 = Debug|Any CPU
		{06475927-BAA7-4DDA-9791-91DB2419EA98}.Debug|x86.ActiveCfg = Debug|Any CPU
		{06475927-BAA7-4DDA-9791-91DB2419EA98}.Debug|x86.Build.0 = Debug|Any CPU
		{06475927-BAA7-4DDA-9791-91DB2419EA98}.Release|Any CPU.ActiveCfg = Release|Any CPU
		{06475927-BAA7-4DDA-9791-91DB2419EA98}.Release|Any CPU.Build.0 = Release|Any CPU
		{06475927-BAA7-4DDA-9791-91DB2419EA98}.Release|x64.ActiveCfg = Release|Any CPU
		{06475927-BAA7-4DDA-9791-91DB2419EA98}.Release|x64.Build.0 = Release|Any CPU
		{06475927-BAA7-4DDA-9791-91DB2419EA98}.Release|x86.ActiveCfg = Release|Any CPU
		{06475927-BAA7-4DDA-9791-91DB2419EA98}.Release|x86.Build.0 = Release|Any CPU
		{C87DA6A6-C95B-4BBA-95A0-A15BD26CBCB8}.Debug|Any CPU.ActiveCfg = Debug|Any CPU
		{C87DA6A6-C95B-4BBA-95A0-A15BD26CBCB8}.Debug|Any CPU.Build.0 = Debug|Any CPU
		{C87DA6A6-C95B-4BBA-95A0-A15BD26CBCB8}.Debug|x64.ActiveCfg = Debug|Any CPU
		{C87DA6A6-C95B-4BBA-95A0-A15BD26CBCB8}.Debug|x64.Build.0 = Debug|Any CPU
		{C87DA6A6-C95B-4BBA-95A0-A15BD26CBCB8}.Debug|x86.ActiveCfg = Debug|Any CPU
		{C87DA6A6-C95B-4BBA-95A0-A15BD26CBCB8}.Debug|x86.Build.0 = Debug|Any CPU
		{C87DA6A6-C95B-4BBA-95A0-A15BD26CBCB8}.Release|Any CPU.ActiveCfg = Release|Any CPU
		{C87DA6A6-C95B-4BBA-95A0-A15BD26CBCB8}.Release|Any CPU.Build.0 = Release|Any CPU
		{C87DA6A6-C95B-4BBA-95A0-A15BD26CBCB8}.Release|x64.ActiveCfg = Release|Any CPU
		{C87DA6A6-C95B-4BBA-95A0-A15BD26CBCB8}.Release|x64.Build.0 = Release|Any CPU
		{C87DA6A6-C95B-4BBA-95A0-A15BD26CBCB8}.Release|x86.ActiveCfg = Release|Any CPU
		{C87DA6A6-C95B-4BBA-95A0-A15BD26CBCB8}.Release|x86.Build.0 = Release|Any CPU
		{7CDD5A6E-0973-4804-89C5-00C2A0975034}.Debug|Any CPU.ActiveCfg = Debug|Any CPU
		{7CDD5A6E-0973-4804-89C5-00C2A0975034}.Debug|Any CPU.Build.0 = Debug|Any CPU
		{7CDD5A6E-0973-4804-89C5-00C2A0975034}.Debug|x64.ActiveCfg = Debug|Any CPU
		{7CDD5A6E-0973-4804-89C5-00C2A0975034}.Debug|x64.Build.0 = Debug|Any CPU
		{7CDD5A6E-0973-4804-89C5-00C2A0975034}.Debug|x86.ActiveCfg = Debug|Any CPU
		{7CDD5A6E-0973-4804-89C5-00C2A0975034}.Debug|x86.Build.0 = Debug|Any CPU
		{7CDD5A6E-0973-4804-89C5-00C2A0975034}.Release|Any CPU.ActiveCfg = Release|Any CPU
		{7CDD5A6E-0973-4804-89C5-00C2A0975034}.Release|Any CPU.Build.0 = Release|Any CPU
		{7CDD5A6E-0973-4804-89C5-00C2A0975034}.Release|x64.ActiveCfg = Release|Any CPU
		{7CDD5A6E-0973-4804-89C5-00C2A0975034}.Release|x64.Build.0 = Release|Any CPU
		{7CDD5A6E-0973-4804-89C5-00C2A0975034}.Release|x86.ActiveCfg = Release|Any CPU
		{7CDD5A6E-0973-4804-89C5-00C2A0975034}.Release|x86.Build.0 = Release|Any CPU
		{95B15E66-CC0C-4850-8151-EFF226BA4127}.Debug|Any CPU.ActiveCfg = Debug|Any CPU
		{95B15E66-CC0C-4850-8151-EFF226BA4127}.Debug|Any CPU.Build.0 = Debug|Any CPU
		{95B15E66-CC0C-4850-8151-EFF226BA4127}.Debug|x64.ActiveCfg = Debug|Any CPU
		{95B15E66-CC0C-4850-8151-EFF226BA4127}.Debug|x64.Build.0 = Debug|Any CPU
		{95B15E66-CC0C-4850-8151-EFF226BA4127}.Debug|x86.ActiveCfg = Debug|Any CPU
		{95B15E66-CC0C-4850-8151-EFF226BA4127}.Debug|x86.Build.0 = Debug|Any CPU
		{95B15E66-CC0C-4850-8151-EFF226BA4127}.Release|Any CPU.ActiveCfg = Release|Any CPU
		{95B15E66-CC0C-4850-8151-EFF226BA4127}.Release|Any CPU.Build.0 = Release|Any CPU
		{95B15E66-CC0C-4850-8151-EFF226BA4127}.Release|x64.ActiveCfg = Release|Any CPU
		{95B15E66-CC0C-4850-8151-EFF226BA4127}.Release|x64.Build.0 = Release|Any CPU
		{95B15E66-CC0C-4850-8151-EFF226BA4127}.Release|x86.ActiveCfg = Release|Any CPU
		{95B15E66-CC0C-4850-8151-EFF226BA4127}.Release|x86.Build.0 = Release|Any CPU
		{C24C3A9C-4B28-4AC7-AC34-0C59E8BD511C}.Debug|Any CPU.ActiveCfg = Debug|Any CPU
		{C24C3A9C-4B28-4AC7-AC34-0C59E8BD511C}.Debug|Any CPU.Build.0 = Debug|Any CPU
		{C24C3A9C-4B28-4AC7-AC34-0C59E8BD511C}.Debug|x64.ActiveCfg = Debug|Any CPU
		{C24C3A9C-4B28-4AC7-AC34-0C59E8BD511C}.Debug|x64.Build.0 = Debug|Any CPU
		{C24C3A9C-4B28-4AC7-AC34-0C59E8BD511C}.Debug|x86.ActiveCfg = Debug|Any CPU
		{C24C3A9C-4B28-4AC7-AC34-0C59E8BD511C}.Debug|x86.Build.0 = Debug|Any CPU
		{C24C3A9C-4B28-4AC7-AC34-0C59E8BD511C}.Release|Any CPU.ActiveCfg = Release|Any CPU
		{C24C3A9C-4B28-4AC7-AC34-0C59E8BD511C}.Release|Any CPU.Build.0 = Release|Any CPU
		{C24C3A9C-4B28-4AC7-AC34-0C59E8BD511C}.Release|x64.ActiveCfg = Release|Any CPU
		{C24C3A9C-4B28-4AC7-AC34-0C59E8BD511C}.Release|x64.Build.0 = Release|Any CPU
		{C24C3A9C-4B28-4AC7-AC34-0C59E8BD511C}.Release|x86.ActiveCfg = Release|Any CPU
		{C24C3A9C-4B28-4AC7-AC34-0C59E8BD511C}.Release|x86.Build.0 = Release|Any CPU
		{00F98BFA-32DA-4430-B1F1-C788C9BC9A3A}.Debug|Any CPU.ActiveCfg = Debug|Any CPU
		{00F98BFA-32DA-4430-B1F1-C788C9BC9A3A}.Debug|Any CPU.Build.0 = Debug|Any CPU
		{00F98BFA-32DA-4430-B1F1-C788C9BC9A3A}.Debug|x64.ActiveCfg = Debug|Any CPU
		{00F98BFA-32DA-4430-B1F1-C788C9BC9A3A}.Debug|x64.Build.0 = Debug|Any CPU
		{00F98BFA-32DA-4430-B1F1-C788C9BC9A3A}.Debug|x86.ActiveCfg = Debug|Any CPU
		{00F98BFA-32DA-4430-B1F1-C788C9BC9A3A}.Debug|x86.Build.0 = Debug|Any CPU
		{00F98BFA-32DA-4430-B1F1-C788C9BC9A3A}.Release|Any CPU.ActiveCfg = Release|Any CPU
		{00F98BFA-32DA-4430-B1F1-C788C9BC9A3A}.Release|Any CPU.Build.0 = Release|Any CPU
		{00F98BFA-32DA-4430-B1F1-C788C9BC9A3A}.Release|x64.ActiveCfg = Release|Any CPU
		{00F98BFA-32DA-4430-B1F1-C788C9BC9A3A}.Release|x64.Build.0 = Release|Any CPU
		{00F98BFA-32DA-4430-B1F1-C788C9BC9A3A}.Release|x86.ActiveCfg = Release|Any CPU
		{00F98BFA-32DA-4430-B1F1-C788C9BC9A3A}.Release|x86.Build.0 = Release|Any CPU
		{116028F7-9863-4D98-9F8C-BDACE9892167}.Debug|Any CPU.ActiveCfg = Debug|Any CPU
		{116028F7-9863-4D98-9F8C-BDACE9892167}.Debug|Any CPU.Build.0 = Debug|Any CPU
		{116028F7-9863-4D98-9F8C-BDACE9892167}.Debug|x64.ActiveCfg = Debug|Any CPU
		{116028F7-9863-4D98-9F8C-BDACE9892167}.Debug|x64.Build.0 = Debug|Any CPU
		{116028F7-9863-4D98-9F8C-BDACE9892167}.Debug|x86.ActiveCfg = Debug|Any CPU
		{116028F7-9863-4D98-9F8C-BDACE9892167}.Debug|x86.Build.0 = Debug|Any CPU
		{116028F7-9863-4D98-9F8C-BDACE9892167}.Release|Any CPU.ActiveCfg = Release|Any CPU
		{116028F7-9863-4D98-9F8C-BDACE9892167}.Release|Any CPU.Build.0 = Release|Any CPU
		{116028F7-9863-4D98-9F8C-BDACE9892167}.Release|x64.ActiveCfg = Release|Any CPU
		{116028F7-9863-4D98-9F8C-BDACE9892167}.Release|x64.Build.0 = Release|Any CPU
		{116028F7-9863-4D98-9F8C-BDACE9892167}.Release|x86.ActiveCfg = Release|Any CPU
		{116028F7-9863-4D98-9F8C-BDACE9892167}.Release|x86.Build.0 = Release|Any CPU
		{D568564B-4F5C-4514-8137-419CE7C4A939}.Debug|Any CPU.ActiveCfg = Debug|Any CPU
		{D568564B-4F5C-4514-8137-419CE7C4A939}.Debug|Any CPU.Build.0 = Debug|Any CPU
		{D568564B-4F5C-4514-8137-419CE7C4A939}.Debug|x64.ActiveCfg = Debug|Any CPU
		{D568564B-4F5C-4514-8137-419CE7C4A939}.Debug|x64.Build.0 = Debug|Any CPU
		{D568564B-4F5C-4514-8137-419CE7C4A939}.Debug|x86.ActiveCfg = Debug|Any CPU
		{D568564B-4F5C-4514-8137-419CE7C4A939}.Debug|x86.Build.0 = Debug|Any CPU
		{D568564B-4F5C-4514-8137-419CE7C4A939}.Release|Any CPU.ActiveCfg = Release|Any CPU
		{D568564B-4F5C-4514-8137-419CE7C4A939}.Release|Any CPU.Build.0 = Release|Any CPU
		{D568564B-4F5C-4514-8137-419CE7C4A939}.Release|x64.ActiveCfg = Release|Any CPU
		{D568564B-4F5C-4514-8137-419CE7C4A939}.Release|x64.Build.0 = Release|Any CPU
		{D568564B-4F5C-4514-8137-419CE7C4A939}.Release|x86.ActiveCfg = Release|Any CPU
		{D568564B-4F5C-4514-8137-419CE7C4A939}.Release|x86.Build.0 = Release|Any CPU
		{11864851-51A5-428E-990B-BC22FCDC44C8}.Debug|Any CPU.ActiveCfg = Debug|Any CPU
		{11864851-51A5-428E-990B-BC22FCDC44C8}.Debug|Any CPU.Build.0 = Debug|Any CPU
		{11864851-51A5-428E-990B-BC22FCDC44C8}.Debug|x64.ActiveCfg = Debug|Any CPU
		{11864851-51A5-428E-990B-BC22FCDC44C8}.Debug|x64.Build.0 = Debug|Any CPU
		{11864851-51A5-428E-990B-BC22FCDC44C8}.Debug|x86.ActiveCfg = Debug|Any CPU
		{11864851-51A5-428E-990B-BC22FCDC44C8}.Debug|x86.Build.0 = Debug|Any CPU
		{11864851-51A5-428E-990B-BC22FCDC44C8}.Release|Any CPU.ActiveCfg = Release|Any CPU
		{11864851-51A5-428E-990B-BC22FCDC44C8}.Release|Any CPU.Build.0 = Release|Any CPU
		{11864851-51A5-428E-990B-BC22FCDC44C8}.Release|x64.ActiveCfg = Release|Any CPU
		{11864851-51A5-428E-990B-BC22FCDC44C8}.Release|x64.Build.0 = Release|Any CPU
		{11864851-51A5-428E-990B-BC22FCDC44C8}.Release|x86.ActiveCfg = Release|Any CPU
		{11864851-51A5-428E-990B-BC22FCDC44C8}.Release|x86.Build.0 = Release|Any CPU
		{B406C28C-BC48-460F-B370-C57E7222A571}.Debug|Any CPU.ActiveCfg = Debug|Any CPU
		{B406C28C-BC48-460F-B370-C57E7222A571}.Debug|Any CPU.Build.0 = Debug|Any CPU
		{B406C28C-BC48-460F-B370-C57E7222A571}.Debug|x64.ActiveCfg = Debug|Any CPU
		{B406C28C-BC48-460F-B370-C57E7222A571}.Debug|x64.Build.0 = Debug|Any CPU
		{B406C28C-BC48-460F-B370-C57E7222A571}.Debug|x86.ActiveCfg = Debug|Any CPU
		{B406C28C-BC48-460F-B370-C57E7222A571}.Debug|x86.Build.0 = Debug|Any CPU
		{B406C28C-BC48-460F-B370-C57E7222A571}.Release|Any CPU.ActiveCfg = Release|Any CPU
		{B406C28C-BC48-460F-B370-C57E7222A571}.Release|Any CPU.Build.0 = Release|Any CPU
		{B406C28C-BC48-460F-B370-C57E7222A571}.Release|x64.ActiveCfg = Release|Any CPU
		{B406C28C-BC48-460F-B370-C57E7222A571}.Release|x64.Build.0 = Release|Any CPU
		{B406C28C-BC48-460F-B370-C57E7222A571}.Release|x86.ActiveCfg = Release|Any CPU
		{B406C28C-BC48-460F-B370-C57E7222A571}.Release|x86.Build.0 = Release|Any CPU
		{2DDE5EF3-72D8-45BC-B347-9CA966B50661}.Debug|Any CPU.ActiveCfg = Debug|Any CPU
		{2DDE5EF3-72D8-45BC-B347-9CA966B50661}.Debug|Any CPU.Build.0 = Debug|Any CPU
		{2DDE5EF3-72D8-45BC-B347-9CA966B50661}.Debug|x64.ActiveCfg = Debug|Any CPU
		{2DDE5EF3-72D8-45BC-B347-9CA966B50661}.Debug|x64.Build.0 = Debug|Any CPU
		{2DDE5EF3-72D8-45BC-B347-9CA966B50661}.Debug|x86.ActiveCfg = Debug|Any CPU
		{2DDE5EF3-72D8-45BC-B347-9CA966B50661}.Debug|x86.Build.0 = Debug|Any CPU
		{2DDE5EF3-72D8-45BC-B347-9CA966B50661}.Release|Any CPU.ActiveCfg = Release|Any CPU
		{2DDE5EF3-72D8-45BC-B347-9CA966B50661}.Release|Any CPU.Build.0 = Release|Any CPU
		{2DDE5EF3-72D8-45BC-B347-9CA966B50661}.Release|x64.ActiveCfg = Release|Any CPU
		{2DDE5EF3-72D8-45BC-B347-9CA966B50661}.Release|x64.Build.0 = Release|Any CPU
		{2DDE5EF3-72D8-45BC-B347-9CA966B50661}.Release|x86.ActiveCfg = Release|Any CPU
		{2DDE5EF3-72D8-45BC-B347-9CA966B50661}.Release|x86.Build.0 = Release|Any CPU
		{2F76BB85-D709-4124-AB12-06D7D3A06844}.Debug|Any CPU.ActiveCfg = Debug|Any CPU
		{2F76BB85-D709-4124-AB12-06D7D3A06844}.Debug|Any CPU.Build.0 = Debug|Any CPU
		{2F76BB85-D709-4124-AB12-06D7D3A06844}.Debug|x64.ActiveCfg = Debug|Any CPU
		{2F76BB85-D709-4124-AB12-06D7D3A06844}.Debug|x64.Build.0 = Debug|Any CPU
		{2F76BB85-D709-4124-AB12-06D7D3A06844}.Debug|x86.ActiveCfg = Debug|Any CPU
		{2F76BB85-D709-4124-AB12-06D7D3A06844}.Debug|x86.Build.0 = Debug|Any CPU
		{2F76BB85-D709-4124-AB12-06D7D3A06844}.Release|Any CPU.ActiveCfg = Release|Any CPU
		{2F76BB85-D709-4124-AB12-06D7D3A06844}.Release|Any CPU.Build.0 = Release|Any CPU
		{2F76BB85-D709-4124-AB12-06D7D3A06844}.Release|x64.ActiveCfg = Release|Any CPU
		{2F76BB85-D709-4124-AB12-06D7D3A06844}.Release|x64.Build.0 = Release|Any CPU
		{2F76BB85-D709-4124-AB12-06D7D3A06844}.Release|x86.ActiveCfg = Release|Any CPU
		{2F76BB85-D709-4124-AB12-06D7D3A06844}.Release|x86.Build.0 = Release|Any CPU
		{BFAB2A52-DE72-4A20-8452-BA7E13C6D08C}.Debug|Any CPU.ActiveCfg = Debug|Any CPU
		{BFAB2A52-DE72-4A20-8452-BA7E13C6D08C}.Debug|Any CPU.Build.0 = Debug|Any CPU
		{BFAB2A52-DE72-4A20-8452-BA7E13C6D08C}.Debug|x64.ActiveCfg = Debug|Any CPU
		{BFAB2A52-DE72-4A20-8452-BA7E13C6D08C}.Debug|x64.Build.0 = Debug|Any CPU
		{BFAB2A52-DE72-4A20-8452-BA7E13C6D08C}.Debug|x86.ActiveCfg = Debug|Any CPU
		{BFAB2A52-DE72-4A20-8452-BA7E13C6D08C}.Debug|x86.Build.0 = Debug|Any CPU
		{BFAB2A52-DE72-4A20-8452-BA7E13C6D08C}.Release|Any CPU.ActiveCfg = Release|Any CPU
		{BFAB2A52-DE72-4A20-8452-BA7E13C6D08C}.Release|Any CPU.Build.0 = Release|Any CPU
		{BFAB2A52-DE72-4A20-8452-BA7E13C6D08C}.Release|x64.ActiveCfg = Release|Any CPU
		{BFAB2A52-DE72-4A20-8452-BA7E13C6D08C}.Release|x64.Build.0 = Release|Any CPU
		{BFAB2A52-DE72-4A20-8452-BA7E13C6D08C}.Release|x86.ActiveCfg = Release|Any CPU
		{BFAB2A52-DE72-4A20-8452-BA7E13C6D08C}.Release|x86.Build.0 = Release|Any CPU
		{B66FAD5A-7D6A-4DB2-88BA-07AEC3FC41D5}.Debug|Any CPU.ActiveCfg = Debug|Any CPU
		{B66FAD5A-7D6A-4DB2-88BA-07AEC3FC41D5}.Debug|Any CPU.Build.0 = Debug|Any CPU
		{B66FAD5A-7D6A-4DB2-88BA-07AEC3FC41D5}.Debug|x64.ActiveCfg = Debug|Any CPU
		{B66FAD5A-7D6A-4DB2-88BA-07AEC3FC41D5}.Debug|x64.Build.0 = Debug|Any CPU
		{B66FAD5A-7D6A-4DB2-88BA-07AEC3FC41D5}.Debug|x86.ActiveCfg = Debug|Any CPU
		{B66FAD5A-7D6A-4DB2-88BA-07AEC3FC41D5}.Debug|x86.Build.0 = Debug|Any CPU
		{B66FAD5A-7D6A-4DB2-88BA-07AEC3FC41D5}.Release|Any CPU.ActiveCfg = Release|Any CPU
		{B66FAD5A-7D6A-4DB2-88BA-07AEC3FC41D5}.Release|Any CPU.Build.0 = Release|Any CPU
		{B66FAD5A-7D6A-4DB2-88BA-07AEC3FC41D5}.Release|x64.ActiveCfg = Release|Any CPU
		{B66FAD5A-7D6A-4DB2-88BA-07AEC3FC41D5}.Release|x64.Build.0 = Release|Any CPU
		{B66FAD5A-7D6A-4DB2-88BA-07AEC3FC41D5}.Release|x86.ActiveCfg = Release|Any CPU
		{B66FAD5A-7D6A-4DB2-88BA-07AEC3FC41D5}.Release|x86.Build.0 = Release|Any CPU
	EndGlobalSection
	GlobalSection(SolutionProperties) = preSolution
		HideSolutionNode = FALSE
	EndGlobalSection
	GlobalSection(NestedProjects) = preSolution
		{42FBBF43-27DF-4E95-8B5D-85B66AC8B600} = {827E0CD3-B72D-47B6-A68D-7590B98EB39B}
		{A97FB7F5-2AA8-471C-9333-85EA8B8E672D} = {827E0CD3-B72D-47B6-A68D-7590B98EB39B}
		{6C372A8F-470A-460D-87AC-26566C1F4749} = {827E0CD3-B72D-47B6-A68D-7590B98EB39B}
		{F23AC70C-40AE-4E1D-8D58-91BBC62B8DAD} = {827E0CD3-B72D-47B6-A68D-7590B98EB39B}
		{06475927-BAA7-4DDA-9791-91DB2419EA98} = {827E0CD3-B72D-47B6-A68D-7590B98EB39B}
		{C87DA6A6-C95B-4BBA-95A0-A15BD26CBCB8} = {B4143E6B-57AB-45DF-848B-B3C507A6C97E}
		{7CDD5A6E-0973-4804-89C5-00C2A0975034} = {B4143E6B-57AB-45DF-848B-B3C507A6C97E}
		{95B15E66-CC0C-4850-8151-EFF226BA4127} = {B4143E6B-57AB-45DF-848B-B3C507A6C97E}
		{C24C3A9C-4B28-4AC7-AC34-0C59E8BD511C} = {B4143E6B-57AB-45DF-848B-B3C507A6C97E}
		{00F98BFA-32DA-4430-B1F1-C788C9BC9A3A} = {97E6CEDC-8289-4B1D-93FC-7A3EEC71285C}
		{116028F7-9863-4D98-9F8C-BDACE9892167} = {97E6CEDC-8289-4B1D-93FC-7A3EEC71285C}
		{D568564B-4F5C-4514-8137-419CE7C4A939} = {97E6CEDC-8289-4B1D-93FC-7A3EEC71285C}
		{11864851-51A5-428E-990B-BC22FCDC44C8} = {97E6CEDC-8289-4B1D-93FC-7A3EEC71285C}
		{B406C28C-BC48-460F-B370-C57E7222A571} = {97E6CEDC-8289-4B1D-93FC-7A3EEC71285C}
		{2DDE5EF3-72D8-45BC-B347-9CA966B50661} = {97E6CEDC-8289-4B1D-93FC-7A3EEC71285C}
		{2F76BB85-D709-4124-AB12-06D7D3A06844} = {97E6CEDC-8289-4B1D-93FC-7A3EEC71285C}
		{BFAB2A52-DE72-4A20-8452-BA7E13C6D08C} = {97E6CEDC-8289-4B1D-93FC-7A3EEC71285C}
		{B66FAD5A-7D6A-4DB2-88BA-07AEC3FC41D5} = {97E6CEDC-8289-4B1D-93FC-7A3EEC71285C}
	EndGlobalSection
EndGlobal
